
Microsoft Visual Studio Solution File, Format Version 12.00
# Visual Studio Version 17
VisualStudioVersion = 17.0.31611.283
MinimumVisualStudioVersion = 10.0.40219.1
Project("{9A19103F-16F7-4668-BE54-9A1E7A4F7556}") = "OpenPOS-APP", "OpenPOS-APP\OpenPOS-APP.csproj", "{14F60B2B-1E2E-4C75-BAA5-CCDB70F7D9FD}"
EndProject
Project("{9A19103F-16F7-4668-BE54-9A1E7A4F7556}") = "OpenPOS-Testing", "OpenPOS-Testing\OpenPOS-Testing.csproj", "{D64584AB-9F5D-4F8A-879B-549B14654CFB}"
EndProject
Global
	GlobalSection(SolutionConfigurationPlatforms) = preSolution
		Debug|Any CPU = Debug|Any CPU
		Release|Any CPU = Release|Any CPU
	EndGlobalSection
	GlobalSection(ProjectConfigurationPlatforms) = postSolution
		{14F60B2B-1E2E-4C75-BAA5-CCDB70F7D9FD}.Debug|Any CPU.ActiveCfg = Debug|Any CPU
		{14F60B2B-1E2E-4C75-BAA5-CCDB70F7D9FD}.Debug|Any CPU.Build.0 = Debug|Any CPU
		{14F60B2B-1E2E-4C75-BAA5-CCDB70F7D9FD}.Debug|Any CPU.Deploy.0 = Debug|Any CPU
		{14F60B2B-1E2E-4C75-BAA5-CCDB70F7D9FD}.Release|Any CPU.ActiveCfg = Release|Any CPU
		{14F60B2B-1E2E-4C75-BAA5-CCDB70F7D9FD}.Release|Any CPU.Build.0 = Release|Any CPU
		{14F60B2B-1E2E-4C75-BAA5-CCDB70F7D9FD}.Release|Any CPU.Deploy.0 = Release|Any CPU
		{D64584AB-9F5D-4F8A-879B-549B14654CFB}.Debug|Any CPU.ActiveCfg = Debug|Any CPU
		{D64584AB-9F5D-4F8A-879B-549B14654CFB}.Debug|Any CPU.Build.0 = Debug|Any CPU
		{D64584AB-9F5D-4F8A-879B-549B14654CFB}.Release|Any CPU.ActiveCfg = Release|Any CPU
		{D64584AB-9F5D-4F8A-879B-549B14654CFB}.Release|Any CPU.Build.0 = Release|Any CPU
	EndGlobalSection
	GlobalSection(SolutionProperties) = preSolution
		HideSolutionNode = FALSE
	EndGlobalSection
	GlobalSection(ExtensibilityGlobals) = postSolution
		SolutionGuid = {61F7FB11-1E47-470C-91E2-47F8143E1572}
	EndGlobalSection
EndGlobal
